<?xml version="1.0" encoding="utf-8"?>
<Project ToolsVersion="4.0" xmlns="http://schemas.microsoft.com/developer/msbuild/2003">
  <ItemGroup>
    <Filter Include="Titan">
      <UniqueIdentifier>{A5982A0E-11AD-52BF-DA2E-F61E46024FF0}</UniqueIdentifier>
    </Filter>
    <Filter Include="Titan\Core">
      <UniqueIdentifier>{1DECE58C-09A4-27DA-72AB-00365E82C2CA}</UniqueIdentifier>
    </Filter>
    <Filter Include="Titan\Events">
      <UniqueIdentifier>{E9783363-D5DB-C207-7E61-FBBD6AA38E8A}</UniqueIdentifier>
    </Filter>
  </ItemGroup>
  <ItemGroup>
    <ClInclude Include="src\Titan.h" />
    <ClInclude Include="src\Titan\Application.h">
      <Filter>Titan</Filter>
    </ClInclude>
    <ClInclude Include="src\Titan\Core.h">
      <Filter>Titan</Filter>
    </ClInclude>
    <ClInclude Include="src\Titan\Core\Log.h">
      <Filter>Titan\Core</Filter>
    </ClInclude>
    <ClInclude Include="src\Titan\EntryPoint.h">
      <Filter>Titan</Filter>
    </ClInclude>
    <ClInclude Include="src\Titan\Events\ApplicationEvent.h">
      <Filter>Titan\Events</Filter>
    </ClInclude>
    <ClInclude Include="src\Titan\Events\Event.h">
      <Filter>Titan\Events</Filter>
    </ClInclude>
    <ClInclude Include="src\Titan\Window.h" />
    <ClInclude Include="src\Titan\Platform\WindowsWindow.h" />
  </ItemGroup>
  <ItemGroup>
    <ClCompile Include="src\Titan\Application.cpp">
      <Filter>Titan</Filter>
    </ClCompile>
    <ClCompile Include="src\Titan\Core\Log.cpp">
      <Filter>Titan\Core</Filter>
    </ClCompile>
    <ClCompile Include="src\Titan\Platform\WindowsWindow.cpp" />
  </ItemGroup>
</Project>