<?xml version="1.0" encoding="utf-8"?>
<Project ToolsVersion="4.0" xmlns="http://schemas.microsoft.com/developer/msbuild/2003">
  <ItemGroup>
    <Filter Include="src">
      <UniqueIdentifier>{2DAB880B-99B4-887C-2230-9F7C8E38947C}</UniqueIdentifier>
    </Filter>
    <Filter Include="src\Titan">
      <UniqueIdentifier>{FCA6E7B3-6811-9C2A-B14F-4DD01DF9797F}</UniqueIdentifier>
    </Filter>
    <Filter Include="src\Titan\Assets">
      <UniqueIdentifier>{5EBAD06C-4AB3-EFBE-73E5-D4435F3DCFCA}</UniqueIdentifier>
    </Filter>
    <Filter Include="src\Titan\Assets\Camera">
      <UniqueIdentifier>{1639FB3C-8270-43D4-8B7A-A7F7F7306ACD}</UniqueIdentifier>
    </Filter>
    <Filter Include="src\Titan\Assets\Material">
      <UniqueIdentifier>{BC7294B3-2835-C83D-71E5-56CADDE6A01B}</UniqueIdentifier>
    </Filter>
    <Filter Include="src\Titan\Assets\Model">
      <UniqueIdentifier>{1EF22850-0AEC-51A2-F358-E8B2DFF1B70E}</UniqueIdentifier>
    </Filter>
    <Filter Include="src\Titan\Assets\ModelImporters">
      <UniqueIdentifier>{6385D1FB-CF68-E03B-D86B-0E7844CEA68C}</UniqueIdentifier>
    </Filter>
    <Filter Include="src\Titan\Assets\Texture">
      <UniqueIdentifier>{BE5D2403-AA82-7383-D3CD-5813BF5172A1}</UniqueIdentifier>
    </Filter>
    <Filter Include="src\Titan\Core">
      <UniqueIdentifier>{D488ECC3-C056-E0C9-A9EA-50F09557BC2E}</UniqueIdentifier>
    </Filter>
    <Filter Include="src\Titan\Events">
      <UniqueIdentifier>{601F5476-4C18-73C8-754A-584D61A252D4}</UniqueIdentifier>
    </Filter>
    <Filter Include="src\Titan\ImGui">
      <UniqueIdentifier>{2669E841-92F4-5506-9B05-D9FA0710B206}</UniqueIdentifier>
    </Filter>
    <Filter Include="src\Titan\Platform">
      <UniqueIdentifier>{D07EF777-BC62-B8CD-25C3-B22011C6A24F}</UniqueIdentifier>
    </Filter>
    <Filter Include="src\Titan\Rendering">
      <UniqueIdentifier>{495B65AD-B5BC-42BB-3E2A-896DAA8A797A}</UniqueIdentifier>
    </Filter>
    <Filter Include="src\Titan\Rendering\Backend">
      <UniqueIdentifier>{009B26D8-6CA8-54BE-F58E-50A9619B2075}</UniqueIdentifier>
    </Filter>
    <Filter Include="src\Titan\Rendering\Buffers">
      <UniqueIdentifier>{C5530107-3161-2FED-BA47-2BD82654FBA3}</UniqueIdentifier>
    </Filter>
    <Filter Include="src\Titan\Rendering\Libraries">
      <UniqueIdentifier>{F53D382E-6156-1F58-2A03-AFF196DAB3F1}</UniqueIdentifier>
    </Filter>
    <Filter Include="src\Titan\Rendering\Pipeline">
      <UniqueIdentifier>{8EC54F4E-7A80-3FFA-2338-B8440FD2898A}</UniqueIdentifier>
    </Filter>
    <Filter Include="src\Titan\Scene">
      <UniqueIdentifier>{19619842-85EC-0507-8EFD-88FBFA076207}</UniqueIdentifier>
    </Filter>
    <Filter Include="src\Titan\Utils">
      <UniqueIdentifier>{5CF5C542-C880-3307-D191-B6FB3D9C8F07}</UniqueIdentifier>
    </Filter>
    <Filter Include="vendor">
      <UniqueIdentifier>{B3738122-9F15-ACF8-88D0-BF4C74113349}</UniqueIdentifier>
    </Filter>
    <Filter Include="vendor\ImGui">
      <UniqueIdentifier>{1DA38CEE-0906-1C93-B28B-54499ECDE715}</UniqueIdentifier>
    </Filter>
    <Filter Include="vendor\ImGui\backends">
      <UniqueIdentifier>{E7ED3B29-535A-F723-1C4E-8F818879198C}</UniqueIdentifier>
    </Filter>
    <Filter Include="vendor\ImGui\misc">
      <UniqueIdentifier>{18302066-8446-1EFC-CDBD-A91D3913EF83}</UniqueIdentifier>
    </Filter>
    <Filter Include="vendor\ImGui\misc\cpp">
      <UniqueIdentifier>{EAF585DC-5662-41D7-1F56-D9348B81633F}</UniqueIdentifier>
    </Filter>
    <Filter Include="vendor\ImGui\misc\fonts">
      <UniqueIdentifier>{71DC1016-DD13-59AD-E61D-BDD052D47FA6}</UniqueIdentifier>
    </Filter>
    <Filter Include="vendor\ImGui\misc\freetype">
      <UniqueIdentifier>{CBC9D465-B7D9-8036-2093-E5540CC26FCF}</UniqueIdentifier>
    </Filter>
    <Filter Include="vendor\ImGui\misc\single_file">
      <UniqueIdentifier>{08DD8AEE-74F5-7118-3DA2-01B2A97906B2}</UniqueIdentifier>
    </Filter>
    <Filter Include="vendor\Snowflake">
      <UniqueIdentifier>{2C921B61-188B-3AB3-41BD-1F382D151ABF}</UniqueIdentifier>
    </Filter>
    <Filter Include="vendor\freetype">
      <UniqueIdentifier>{C64BB7D5-32D7-249A-3BE8-A78EA7F2809A}</UniqueIdentifier>
    </Filter>
    <Filter Include="vendor\freetype\Include">
      <UniqueIdentifier>{19415785-8578-9F1C-8E82-0340FA38C615}</UniqueIdentifier>
    </Filter>
    <Filter Include="vendor\freetype\Include\freetype">
      <UniqueIdentifier>{EC8B994A-D8DC-848C-0141-734EEDF017F6}</UniqueIdentifier>
    </Filter>
    <Filter Include="vendor\freetype\Include\freetype\config">
      <UniqueIdentifier>{91F9B5E0-FD88-77CB-0685-58E37293B2D7}</UniqueIdentifier>
    </Filter>
    <Filter Include="vendor\freetype\Include\freetype\internal">
      <UniqueIdentifier>{B8579D30-2472-00D2-6D94-1066D9ED27D9}</UniqueIdentifier>
    </Filter>
    <Filter Include="vendor\freetype\Include\freetype\internal\services">
      <UniqueIdentifier>{AB88CBA5-971C-C14D-00E1-1A02EC93FB3F}</UniqueIdentifier>
    </Filter>
    <Filter Include="vendor\stb_image">
      <UniqueIdentifier>{0DA0BA59-F998-D9AB-22CB-BE300E23B9B7}</UniqueIdentifier>
    </Filter>
    <Filter Include="vendor\tinygltf">
      <UniqueIdentifier>{53CDE522-BF58-53E7-C869-D6DB3474AFE7}</UniqueIdentifier>
    </Filter>
    <Filter Include="vendor\vma">
      <UniqueIdentifier>{66DFC5A8-5297-07F6-BB9E-E051A775A2E6}</UniqueIdentifier>
    </Filter>
  </ItemGroup>
  <ItemGroup>
    <ClInclude Include="src\TNpch.h">
      <Filter>src</Filter>
    </ClInclude>
    <ClInclude Include="src\Titan.h">
      <Filter>src</Filter>
    </ClInclude>
    <ClInclude Include="src\Titan\Application.h">
      <Filter>src\Titan</Filter>
    </ClInclude>
    <ClInclude Include="src\Titan\Assets\Camera\Camera.h">
      <Filter>src\Titan\Assets\Camera</Filter>
    </ClInclude>
    <ClInclude Include="src\Titan\Assets\Material\Material.h">
      <Filter>src\Titan\Assets\Material</Filter>
    </ClInclude>
    <ClInclude Include="src\Titan\Assets\Model\Model.h">
      <Filter>src\Titan\Assets\Model</Filter>
    </ClInclude>
    <ClInclude Include="src\Titan\Assets\Model\ModelHandle.h">
      <Filter>src\Titan\Assets\Model</Filter>
    </ClInclude>
    <ClInclude Include="src\Titan\Assets\ModelImporters\GLTFImporter.h">
      <Filter>src\Titan\Assets\ModelImporters</Filter>
    </ClInclude>
    <ClInclude Include="src\Titan\Assets\Resource.h">
      <Filter>src\Titan\Assets</Filter>
    </ClInclude>
    <ClInclude Include="src\Titan\Assets\ResourceRegistry.h">
      <Filter>src\Titan\Assets</Filter>
    </ClInclude>
    <ClInclude Include="src\Titan\Assets\Texture\Texture.h">
      <Filter>src\Titan\Assets\Texture</Filter>
    </ClInclude>
    <ClInclude Include="src\Titan\Core\Core.h">
      <Filter>src\Titan\Core</Filter>
    </ClInclude>
    <ClInclude Include="src\Titan\Core\Log.h">
      <Filter>src\Titan\Core</Filter>
    </ClInclude>
    <ClInclude Include="src\Titan\Core\PlatformDetection.h">
      <Filter>src\Titan\Core</Filter>
    </ClInclude>
    <ClInclude Include="src\Titan\Core\TitanFormats.h">
      <Filter>src\Titan\Core</Filter>
    </ClInclude>
    <ClInclude Include="src\Titan\Core\TitanID.h">
      <Filter>src\Titan\Core</Filter>
    </ClInclude>
    <ClInclude Include="src\Titan\Core\TitanMemory.h">
      <Filter>src\Titan\Core</Filter>
    </ClInclude>
    <ClInclude Include="src\Titan\EntryPoint.h">
      <Filter>src\Titan</Filter>
    </ClInclude>
    <ClInclude Include="src\Titan\Events\ApplicationEvent.h">
      <Filter>src\Titan\Events</Filter>
    </ClInclude>
    <ClInclude Include="src\Titan\Events\Event.h">
      <Filter>src\Titan\Events</Filter>
    </ClInclude>
    <ClInclude Include="src\Titan\Events\InputEvent.h">
      <Filter>src\Titan\Events</Filter>
    </ClInclude>
    <ClInclude Include="src\Titan\ImGui\TitanImGui.h">
      <Filter>src\Titan\ImGui</Filter>
    </ClInclude>
    <ClInclude Include="src\Titan\Layer.h">
      <Filter>src\Titan</Filter>
    </ClInclude>
    <ClInclude Include="src\Titan\LayerStack.h">
      <Filter>src\Titan</Filter>
    </ClInclude>
    <ClInclude Include="src\Titan\Platform\WindowsWindow.h">
      <Filter>src\Titan\Platform</Filter>
    </ClInclude>
    <ClInclude Include="src\Titan\Rendering\Backend\Device.h">
      <Filter>src\Titan\Rendering\Backend</Filter>
    </ClInclude>
    <ClInclude Include="src\Titan\Rendering\Backend\PhysicalDevice.h">
      <Filter>src\Titan\Rendering\Backend</Filter>
    </ClInclude>
    <ClInclude Include="src\Titan\Rendering\Backend\Swapchain.h">
      <Filter>src\Titan\Rendering\Backend</Filter>
    </ClInclude>
    <ClInclude Include="src\Titan\Rendering\Buffers\IndexBuffer.h">
      <Filter>src\Titan\Rendering\Buffers</Filter>
    </ClInclude>
    <ClInclude Include="src\Titan\Rendering\Buffers\UniformBuffer.h">
      <Filter>src\Titan\Rendering\Buffers</Filter>
    </ClInclude>
    <ClInclude Include="src\Titan\Rendering\Buffers\UniformBuffers.h">
      <Filter>src\Titan\Rendering\Buffers</Filter>
    </ClInclude>
    <ClInclude Include="src\Titan\Rendering\Buffers\VertexBuffer.h">
      <Filter>src\Titan\Rendering\Buffers</Filter>
    </ClInclude>
    <ClInclude Include="src\Titan\Rendering\Buffers\VertexPacket.h">
      <Filter>src\Titan\Rendering\Buffers</Filter>
    </ClInclude>
    <ClInclude Include="src\Titan\Rendering\Framebuffer.h">
      <Filter>src\Titan\Rendering</Filter>
    </ClInclude>
    <ClInclude Include="src\Titan\Rendering\GraphicsContext.h">
      <Filter>src\Titan\Rendering</Filter>
    </ClInclude>
    <ClInclude Include="src\Titan\Rendering\Libraries\PipelineLibrary.h">
      <Filter>src\Titan\Rendering\Libraries</Filter>
    </ClInclude>
    <ClInclude Include="src\Titan\Rendering\Libraries\SamplerLibrary.h">
      <Filter>src\Titan\Rendering\Libraries</Filter>
    </ClInclude>
    <ClInclude Include="src\Titan\Rendering\Libraries\ShaderLibrary.h">
      <Filter>src\Titan\Rendering\Libraries</Filter>
    </ClInclude>
    <ClInclude Include="src\Titan\Rendering\Pipeline\GraphicsPipeline.h">
      <Filter>src\Titan\Rendering\Pipeline</Filter>
    </ClInclude>
    <ClInclude Include="src\Titan\Rendering\Renderer.h">
      <Filter>src\Titan\Rendering</Filter>
    </ClInclude>
    <ClInclude Include="src\Titan\Rendering\Vertices.h">
      <Filter>src\Titan\Rendering</Filter>
    </ClInclude>
    <ClInclude Include="src\Titan\Scene\Components.h">
      <Filter>src\Titan\Scene</Filter>
    </ClInclude>
    <ClInclude Include="src\Titan\Scene\Entity.h">
      <Filter>src\Titan\Scene</Filter>
    </ClInclude>
    <ClInclude Include="src\Titan\Scene\PropertyRegistry.h">
      <Filter>src\Titan\Scene</Filter>
    </ClInclude>
    <ClInclude Include="src\Titan\Scene\Scene.h">
      <Filter>src\Titan\Scene</Filter>
    </ClInclude>
    <ClInclude Include="src\Titan\Utils\FilesystemUtils.h">
      <Filter>src\Titan\Utils</Filter>
    </ClInclude>
    <ClInclude Include="src\Titan\Utils\Input.h">
      <Filter>src\Titan\Utils</Filter>
    </ClInclude>
    <ClInclude Include="src\Titan\Utils\KeyCode.h">
      <Filter>src\Titan\Utils</Filter>
    </ClInclude>
    <ClInclude Include="src\Titan\Utils\MouseCode.h">
      <Filter>src\Titan\Utils</Filter>
    </ClInclude>
    <ClInclude Include="src\Titan\Utils\TitanAllocator.h">
      <Filter>src\Titan\Utils</Filter>
    </ClInclude>
    <ClInclude Include="src\Titan\Utils\VulkanUtils.h">
      <Filter>src\Titan\Utils</Filter>
    </ClInclude>
    <ClInclude Include="src\Titan\Window.h">
      <Filter>src\Titan</Filter>
    </ClInclude>
    <ClInclude Include="vendor\ImGui\backends\imgui_impl_glfw.h">
      <Filter>vendor\ImGui\backends</Filter>
    </ClInclude>
    <ClInclude Include="vendor\ImGui\backends\imgui_impl_vulkan.h">
      <Filter>vendor\ImGui\backends</Filter>
    </ClInclude>
    <ClInclude Include="vendor\ImGui\imconfig.h">
      <Filter>vendor\ImGui</Filter>
    </ClInclude>
    <ClInclude Include="vendor\ImGui\imgui.h">
      <Filter>vendor\ImGui</Filter>
    </ClInclude>
    <ClInclude Include="vendor\ImGui\imgui_internal.h">
      <Filter>vendor\ImGui</Filter>
    </ClInclude>
    <ClInclude Include="vendor\ImGui\imstb_rectpack.h">
      <Filter>vendor\ImGui</Filter>
    </ClInclude>
    <ClInclude Include="vendor\ImGui\imstb_textedit.h">
      <Filter>vendor\ImGui</Filter>
    </ClInclude>
    <ClInclude Include="vendor\ImGui\imstb_truetype.h">
      <Filter>vendor\ImGui</Filter>
    </ClInclude>
    <ClInclude Include="vendor\ImGui\misc\cpp\imgui_stdlib.h">
      <Filter>vendor\ImGui\misc\cpp</Filter>
    </ClInclude>
    <ClInclude Include="vendor\ImGui\misc\freetype\imgui_freetype.h">
      <Filter>vendor\ImGui\misc\freetype</Filter>
    </ClInclude>
    <ClInclude Include="vendor\ImGui\misc\single_file\imgui_single_file.h">
      <Filter>vendor\ImGui\misc\single_file</Filter>
    </ClInclude>
    <ClInclude Include="vendor\Snowflake\Serializer.hpp">
      <Filter>vendor\Snowflake</Filter>
    </ClInclude>
    <ClInclude Include="vendor\Snowflake\SnowID.h">
      <Filter>vendor\Snowflake</Filter>
    </ClInclude>
    <ClInclude Include="vendor\Snowflake\Snowflake.hpp">
      <Filter>vendor\Snowflake</Filter>
    </ClInclude>
    <ClInclude Include="vendor\Snowflake\String.hpp">
      <Filter>vendor\Snowflake</Filter>
    </ClInclude>
    <ClInclude Include="vendor\freetype\Include\freetype\config\ftconfig.h">
      <Filter>vendor\freetype\Include\freetype\config</Filter>
    </ClInclude>
    <ClInclude Include="vendor\freetype\Include\freetype\config\ftheader.h">
      <Filter>vendor\freetype\Include\freetype\config</Filter>
    </ClInclude>
    <ClInclude Include="vendor\freetype\Include\freetype\config\ftmodule.h">
      <Filter>vendor\freetype\Include\freetype\config</Filter>
    </ClInclude>
    <ClInclude Include="vendor\freetype\Include\freetype\config\ftoption.h">
      <Filter>vendor\freetype\Include\freetype\config</Filter>
    </ClInclude>
    <ClInclude Include="vendor\freetype\Include\freetype\config\ftstdlib.h">
      <Filter>vendor\freetype\Include\freetype\config</Filter>
    </ClInclude>
    <ClInclude Include="vendor\freetype\Include\freetype\freetype.h">
      <Filter>vendor\freetype\Include\freetype</Filter>
    </ClInclude>
    <ClInclude Include="vendor\freetype\Include\freetype\ftadvanc.h">
      <Filter>vendor\freetype\Include\freetype</Filter>
    </ClInclude>
    <ClInclude Include="vendor\freetype\Include\freetype\ftautoh.h">
      <Filter>vendor\freetype\Include\freetype</Filter>
    </ClInclude>
    <ClInclude Include="vendor\freetype\Include\freetype\ftbbox.h">
      <Filter>vendor\freetype\Include\freetype</Filter>
    </ClInclude>
    <ClInclude Include="vendor\freetype\Include\freetype\ftbdf.h">
      <Filter>vendor\freetype\Include\freetype</Filter>
    </ClInclude>
    <ClInclude Include="vendor\freetype\Include\freetype\ftbitmap.h">
      <Filter>vendor\freetype\Include\freetype</Filter>
    </ClInclude>
    <ClInclude Include="vendor\freetype\Include\freetype\ftbzip2.h">
      <Filter>vendor\freetype\Include\freetype</Filter>
    </ClInclude>
    <ClInclude Include="vendor\freetype\Include\freetype\ftcache.h">
      <Filter>vendor\freetype\Include\freetype</Filter>
    </ClInclude>
    <ClInclude Include="vendor\freetype\Include\freetype\ftcffdrv.h">
      <Filter>vendor\freetype\Include\freetype</Filter>
    </ClInclude>
    <ClInclude Include="vendor\freetype\Include\freetype\ftchapters.h">
      <Filter>vendor\freetype\Include\freetype</Filter>
    </ClInclude>
    <ClInclude Include="vendor\freetype\Include\freetype\ftcid.h">
      <Filter>vendor\freetype\Include\freetype</Filter>
    </ClInclude>
    <ClInclude Include="vendor\freetype\Include\freetype\fterrdef.h">
      <Filter>vendor\freetype\Include\freetype</Filter>
    </ClInclude>
    <ClInclude Include="vendor\freetype\Include\freetype\fterrors.h">
      <Filter>vendor\freetype\Include\freetype</Filter>
    </ClInclude>
    <ClInclude Include="vendor\freetype\Include\freetype\ftfntfmt.h">
      <Filter>vendor\freetype\Include\freetype</Filter>
    </ClInclude>
    <ClInclude Include="vendor\freetype\Include\freetype\ftgasp.h">
      <Filter>vendor\freetype\Include\freetype</Filter>
    </ClInclude>
    <ClInclude Include="vendor\freetype\Include\freetype\ftglyph.h">
      <Filter>vendor\freetype\Include\freetype</Filter>
    </ClInclude>
    <ClInclude Include="vendor\freetype\Include\freetype\ftgxval.h">
      <Filter>vendor\freetype\Include\freetype</Filter>
    </ClInclude>
    <ClInclude Include="vendor\freetype\Include\freetype\ftgzip.h">
      <Filter>vendor\freetype\Include\freetype</Filter>
    </ClInclude>
    <ClInclude Include="vendor\freetype\Include\freetype\ftimage.h">
      <Filter>vendor\freetype\Include\freetype</Filter>
    </ClInclude>
    <ClInclude Include="vendor\freetype\Include\freetype\ftincrem.h">
      <Filter>vendor\freetype\Include\freetype</Filter>
    </ClInclude>
    <ClInclude Include="vendor\freetype\Include\freetype\ftlcdfil.h">
      <Filter>vendor\freetype\Include\freetype</Filter>
    </ClInclude>
    <ClInclude Include="vendor\freetype\Include\freetype\ftlist.h">
      <Filter>vendor\freetype\Include\freetype</Filter>
    </ClInclude>
    <ClInclude Include="vendor\freetype\Include\freetype\ftlzw.h">
      <Filter>vendor\freetype\Include\freetype</Filter>
    </ClInclude>
    <ClInclude Include="vendor\freetype\Include\freetype\ftmac.h">
      <Filter>vendor\freetype\Include\freetype</Filter>
    </ClInclude>
    <ClInclude Include="vendor\freetype\Include\freetype\ftmm.h">
      <Filter>vendor\freetype\Include\freetype</Filter>
    </ClInclude>
    <ClInclude Include="vendor\freetype\Include\freetype\ftmodapi.h">
      <Filter>vendor\freetype\Include\freetype</Filter>
    </ClInclude>
    <ClInclude Include="vendor\freetype\Include\freetype\ftmoderr.h">
      <Filter>vendor\freetype\Include\freetype</Filter>
    </ClInclude>
    <ClInclude Include="vendor\freetype\Include\freetype\ftotval.h">
      <Filter>vendor\freetype\Include\freetype</Filter>
    </ClInclude>
    <ClInclude Include="vendor\freetype\Include\freetype\ftoutln.h">
      <Filter>vendor\freetype\Include\freetype</Filter>
    </ClInclude>
    <ClInclude Include="vendor\freetype\Include\freetype\ftpfr.h">
      <Filter>vendor\freetype\Include\freetype</Filter>
    </ClInclude>
    <ClInclude Include="vendor\freetype\Include\freetype\ftrender.h">
      <Filter>vendor\freetype\Include\freetype</Filter>
    </ClInclude>
    <ClInclude Include="vendor\freetype\Include\freetype\ftsizes.h">
      <Filter>vendor\freetype\Include\freetype</Filter>
    </ClInclude>
    <ClInclude Include="vendor\freetype\Include\freetype\ftsnames.h">
      <Filter>vendor\freetype\Include\freetype</Filter>
    </ClInclude>
    <ClInclude Include="vendor\freetype\Include\freetype\ftstroke.h">
      <Filter>vendor\freetype\Include\freetype</Filter>
    </ClInclude>
    <ClInclude Include="vendor\freetype\Include\freetype\ftsynth.h">
      <Filter>vendor\freetype\Include\freetype</Filter>
    </ClInclude>
    <ClInclude Include="vendor\freetype\Include\freetype\ftsystem.h">
      <Filter>vendor\freetype\Include\freetype</Filter>
    </ClInclude>
    <ClInclude Include="vendor\freetype\Include\freetype\fttrigon.h">
      <Filter>vendor\freetype\Include\freetype</Filter>
    </ClInclude>
    <ClInclude Include="vendor\freetype\Include\freetype\ftttdrv.h">
      <Filter>vendor\freetype\Include\freetype</Filter>
    </ClInclude>
    <ClInclude Include="vendor\freetype\Include\freetype\fttypes.h">
      <Filter>vendor\freetype\Include\freetype</Filter>
    </ClInclude>
    <ClInclude Include="vendor\freetype\Include\freetype\ftwinfnt.h">
      <Filter>vendor\freetype\Include\freetype</Filter>
    </ClInclude>
    <ClInclude Include="vendor\freetype\Include\freetype\internal\autohint.h">
      <Filter>vendor\freetype\Include\freetype\internal</Filter>
    </ClInclude>
    <ClInclude Include="vendor\freetype\Include\freetype\internal\ftcalc.h">
      <Filter>vendor\freetype\Include\freetype\internal</Filter>
    </ClInclude>
    <ClInclude Include="vendor\freetype\Include\freetype\internal\ftdebug.h">
      <Filter>vendor\freetype\Include\freetype\internal</Filter>
    </ClInclude>
    <ClInclude Include="vendor\freetype\Include\freetype\internal\ftdriver.h">
      <Filter>vendor\freetype\Include\freetype\internal</Filter>
    </ClInclude>
    <ClInclude Include="vendor\freetype\Include\freetype\internal\ftgloadr.h">
      <Filter>vendor\freetype\Include\freetype\internal</Filter>
    </ClInclude>
    <ClInclude Include="vendor\freetype\Include\freetype\internal\fthash.h">
      <Filter>vendor\freetype\Include\freetype\internal</Filter>
    </ClInclude>
    <ClInclude Include="vendor\freetype\Include\freetype\internal\ftmemory.h">
      <Filter>vendor\freetype\Include\freetype\internal</Filter>
    </ClInclude>
    <ClInclude Include="vendor\freetype\Include\freetype\internal\ftobjs.h">
      <Filter>vendor\freetype\Include\freetype\internal</Filter>
    </ClInclude>
    <ClInclude Include="vendor\freetype\Include\freetype\internal\ftpic.h">
      <Filter>vendor\freetype\Include\freetype\internal</Filter>
    </ClInclude>
    <ClInclude Include="vendor\freetype\Include\freetype\internal\ftrfork.h">
      <Filter>vendor\freetype\Include\freetype\internal</Filter>
    </ClInclude>
    <ClInclude Include="vendor\freetype\Include\freetype\internal\ftserv.h">
      <Filter>vendor\freetype\Include\freetype\internal</Filter>
    </ClInclude>
    <ClInclude Include="vendor\freetype\Include\freetype\internal\ftstream.h">
      <Filter>vendor\freetype\Include\freetype\internal</Filter>
    </ClInclude>
    <ClInclude Include="vendor\freetype\Include\freetype\internal\fttrace.h">
      <Filter>vendor\freetype\Include\freetype\internal</Filter>
    </ClInclude>
    <ClInclude Include="vendor\freetype\Include\freetype\internal\ftvalid.h">
      <Filter>vendor\freetype\Include\freetype\internal</Filter>
    </ClInclude>
    <ClInclude Include="vendor\freetype\Include\freetype\internal\internal.h">
      <Filter>vendor\freetype\Include\freetype\internal</Filter>
    </ClInclude>
    <ClInclude Include="vendor\freetype\Include\freetype\internal\psaux.h">
      <Filter>vendor\freetype\Include\freetype\internal</Filter>
    </ClInclude>
    <ClInclude Include="vendor\freetype\Include\freetype\internal\pshints.h">
      <Filter>vendor\freetype\Include\freetype\internal</Filter>
    </ClInclude>
    <ClInclude Include="vendor\freetype\Include\freetype\internal\services\svbdf.h">
      <Filter>vendor\freetype\Include\freetype\internal\services</Filter>
    </ClInclude>
    <ClInclude Include="vendor\freetype\Include\freetype\internal\services\svcid.h">
      <Filter>vendor\freetype\Include\freetype\internal\services</Filter>
    </ClInclude>
    <ClInclude Include="vendor\freetype\Include\freetype\internal\services\svfntfmt.h">
      <Filter>vendor\freetype\Include\freetype\internal\services</Filter>
    </ClInclude>
    <ClInclude Include="vendor\freetype\Include\freetype\internal\services\svgldict.h">
      <Filter>vendor\freetype\Include\freetype\internal\services</Filter>
    </ClInclude>
    <ClInclude Include="vendor\freetype\Include\freetype\internal\services\svgxval.h">
      <Filter>vendor\freetype\Include\freetype\internal\services</Filter>
    </ClInclude>
    <ClInclude Include="vendor\freetype\Include\freetype\internal\services\svkern.h">
      <Filter>vendor\freetype\Include\freetype\internal\services</Filter>
    </ClInclude>
    <ClInclude Include="vendor\freetype\Include\freetype\internal\services\svmm.h">
      <Filter>vendor\freetype\Include\freetype\internal\services</Filter>
    </ClInclude>
    <ClInclude Include="vendor\freetype\Include\freetype\internal\services\svotval.h">
      <Filter>vendor\freetype\Include\freetype\internal\services</Filter>
    </ClInclude>
    <ClInclude Include="vendor\freetype\Include\freetype\internal\services\svpfr.h">
      <Filter>vendor\freetype\Include\freetype\internal\services</Filter>
    </ClInclude>
    <ClInclude Include="vendor\freetype\Include\freetype\internal\services\svpostnm.h">
      <Filter>vendor\freetype\Include\freetype\internal\services</Filter>
    </ClInclude>
    <ClInclude Include="vendor\freetype\Include\freetype\internal\services\svprop.h">
      <Filter>vendor\freetype\Include\freetype\internal\services</Filter>
    </ClInclude>
    <ClInclude Include="vendor\freetype\Include\freetype\internal\services\svpscmap.h">
      <Filter>vendor\freetype\Include\freetype\internal\services</Filter>
    </ClInclude>
    <ClInclude Include="vendor\freetype\Include\freetype\internal\services\svpsinfo.h">
      <Filter>vendor\freetype\Include\freetype\internal\services</Filter>
    </ClInclude>
    <ClInclude Include="vendor\freetype\Include\freetype\internal\services\svsfnt.h">
      <Filter>vendor\freetype\Include\freetype\internal\services</Filter>
    </ClInclude>
    <ClInclude Include="vendor\freetype\Include\freetype\internal\services\svttcmap.h">
      <Filter>vendor\freetype\Include\freetype\internal\services</Filter>
    </ClInclude>
    <ClInclude Include="vendor\freetype\Include\freetype\internal\services\svtteng.h">
      <Filter>vendor\freetype\Include\freetype\internal\services</Filter>
    </ClInclude>
    <ClInclude Include="vendor\freetype\Include\freetype\internal\services\svttglyf.h">
      <Filter>vendor\freetype\Include\freetype\internal\services</Filter>
    </ClInclude>
    <ClInclude Include="vendor\freetype\Include\freetype\internal\services\svwinfnt.h">
      <Filter>vendor\freetype\Include\freetype\internal\services</Filter>
    </ClInclude>
    <ClInclude Include="vendor\freetype\Include\freetype\internal\sfnt.h">
      <Filter>vendor\freetype\Include\freetype\internal</Filter>
    </ClInclude>
    <ClInclude Include="vendor\freetype\Include\freetype\internal\t1types.h">
      <Filter>vendor\freetype\Include\freetype\internal</Filter>
    </ClInclude>
    <ClInclude Include="vendor\freetype\Include\freetype\internal\tttypes.h">
      <Filter>vendor\freetype\Include\freetype\internal</Filter>
    </ClInclude>
    <ClInclude Include="vendor\freetype\Include\freetype\t1tables.h">
      <Filter>vendor\freetype\Include\freetype</Filter>
    </ClInclude>
    <ClInclude Include="vendor\freetype\Include\freetype\ttnameid.h">
      <Filter>vendor\freetype\Include\freetype</Filter>
    </ClInclude>
    <ClInclude Include="vendor\freetype\Include\freetype\tttables.h">
      <Filter>vendor\freetype\Include\freetype</Filter>
    </ClInclude>
    <ClInclude Include="vendor\freetype\Include\freetype\tttags.h">
      <Filter>vendor\freetype\Include\freetype</Filter>
    </ClInclude>
    <ClInclude Include="vendor\freetype\Include\freetype\ttunpat.h">
      <Filter>vendor\freetype\Include\freetype</Filter>
    </ClInclude>
    <ClInclude Include="vendor\freetype\Include\ft2build.h">
      <Filter>vendor\freetype\Include</Filter>
    </ClInclude>
    <ClInclude Include="vendor\stb_image\stb_image.h">
      <Filter>vendor\stb_image</Filter>
    </ClInclude>
    <ClInclude Include="vendor\tinygltf\json.hpp">
      <Filter>vendor\tinygltf</Filter>
    </ClInclude>
    <ClInclude Include="vendor\tinygltf\stb_image.h">
      <Filter>vendor\tinygltf</Filter>
    </ClInclude>
    <ClInclude Include="vendor\tinygltf\stb_image_write.h">
      <Filter>vendor\tinygltf</Filter>
    </ClInclude>
    <ClInclude Include="vendor\tinygltf\tiny_gltf.h">
      <Filter>vendor\tinygltf</Filter>
    </ClInclude>
    <ClInclude Include="vendor\vma\vk_mem_alloc.h">
      <Filter>vendor\vma</Filter>
    </ClInclude>
    <ClInclude Include="src\Titan\Rendering\SceneRenderer.h" />
  </ItemGroup>
  <ItemGroup>
    <ClCompile Include="src\TNpch.cpp">
      <Filter>src</Filter>
    </ClCompile>
    <ClCompile Include="src\Titan\Application.cpp">
      <Filter>src\Titan</Filter>
    </ClCompile>
    <ClCompile Include="src\Titan\Assets\Camera\Camera.cpp">
      <Filter>src\Titan\Assets\Camera</Filter>
    </ClCompile>
    <ClCompile Include="src\Titan\Assets\Material\Material.cpp">
      <Filter>src\Titan\Assets\Material</Filter>
    </ClCompile>
    <ClCompile Include="src\Titan\Assets\Model\ModelHandle.cpp">
      <Filter>src\Titan\Assets\Model</Filter>
    </ClCompile>
    <ClCompile Include="src\Titan\Assets\ModelImporters\GLTFImporter.cpp">
      <Filter>src\Titan\Assets\ModelImporters</Filter>
    </ClCompile>
    <ClCompile Include="src\Titan\Assets\ResourceRegistry.cpp">
      <Filter>src\Titan\Assets</Filter>
    </ClCompile>
    <ClCompile Include="src\Titan\Assets\Texture\Texture.cpp">
      <Filter>src\Titan\Assets\Texture</Filter>
    </ClCompile>
    <ClCompile Include="src\Titan\Core\Log.cpp">
      <Filter>src\Titan\Core</Filter>
    </ClCompile>
    <ClCompile Include="src\Titan\ImGui\ImGuiBuild.cpp">
      <Filter>src\Titan\ImGui</Filter>
    </ClCompile>
    <ClCompile Include="src\Titan\ImGui\TitanImGui.cpp">
      <Filter>src\Titan\ImGui</Filter>
    </ClCompile>
    <ClCompile Include="src\Titan\Layer.cpp">
      <Filter>src\Titan</Filter>
    </ClCompile>
    <ClCompile Include="src\Titan\LayerStack.cpp">
      <Filter>src\Titan</Filter>
    </ClCompile>
    <ClCompile Include="src\Titan\Platform\WindowsWindow.cpp">
      <Filter>src\Titan\Platform</Filter>
    </ClCompile>
    <ClCompile Include="src\Titan\Rendering\Backend\Device.cpp">
      <Filter>src\Titan\Rendering\Backend</Filter>
    </ClCompile>
    <ClCompile Include="src\Titan\Rendering\Backend\PhysicalDevice.cpp">
      <Filter>src\Titan\Rendering\Backend</Filter>
    </ClCompile>
    <ClCompile Include="src\Titan\Rendering\Backend\Swapchain.cpp">
      <Filter>src\Titan\Rendering\Backend</Filter>
    </ClCompile>
    <ClCompile Include="src\Titan\Rendering\Buffers\IndexBuffer.cpp">
      <Filter>src\Titan\Rendering\Buffers</Filter>
    </ClCompile>
    <ClCompile Include="src\Titan\Rendering\Buffers\UniformBuffer.cpp">
      <Filter>src\Titan\Rendering\Buffers</Filter>
    </ClCompile>
    <ClCompile Include="src\Titan\Rendering\Buffers\VertexBuffer.cpp">
      <Filter>src\Titan\Rendering\Buffers</Filter>
    </ClCompile>
    <ClCompile Include="src\Titan\Rendering\Framebuffer.cpp">
      <Filter>src\Titan\Rendering</Filter>
    </ClCompile>
    <ClCompile Include="src\Titan\Rendering\GraphicsContext.cpp">
      <Filter>src\Titan\Rendering</Filter>
    </ClCompile>
    <ClCompile Include="src\Titan\Rendering\Libraries\PipelineLibrary.cpp">
      <Filter>src\Titan\Rendering\Libraries</Filter>
    </ClCompile>
    <ClCompile Include="src\Titan\Rendering\Libraries\SamplerLibrary.cpp">
      <Filter>src\Titan\Rendering\Libraries</Filter>
    </ClCompile>
    <ClCompile Include="src\Titan\Rendering\Libraries\ShaderLibrary.cpp">
      <Filter>src\Titan\Rendering\Libraries</Filter>
    </ClCompile>
    <ClCompile Include="src\Titan\Rendering\Pipeline\GraphicsPipeline.cpp">
      <Filter>src\Titan\Rendering\Pipeline</Filter>
    </ClCompile>
    <ClCompile Include="src\Titan\Rendering\Renderer.cpp">
      <Filter>src\Titan\Rendering</Filter>
    </ClCompile>
    <ClCompile Include="src\Titan\Scene\Entity.cpp">
      <Filter>src\Titan\Scene</Filter>
    </ClCompile>
    <ClCompile Include="src\Titan\Scene\Scene.cpp">
      <Filter>src\Titan\Scene</Filter>
    </ClCompile>
    <ClCompile Include="src\Titan\Utils\FilesystemUtils.cpp">
      <Filter>src\Titan\Utils</Filter>
    </ClCompile>
    <ClCompile Include="src\Titan\Utils\Input.cpp">
      <Filter>src\Titan\Utils</Filter>
    </ClCompile>
    <ClCompile Include="src\Titan\Utils\TitanAllocator.cpp">
      <Filter>src\Titan\Utils</Filter>
    </ClCompile>
    <ClCompile Include="src\Titan\Utils\VulkanUtils.cpp">
      <Filter>src\Titan\Utils</Filter>
    </ClCompile>
    <ClCompile Include="vendor\ImGui\backends\imgui_impl_glfw.cpp">
      <Filter>vendor\ImGui\backends</Filter>
    </ClCompile>
    <ClCompile Include="vendor\ImGui\backends\imgui_impl_vulkan.cpp">
      <Filter>vendor\ImGui\backends</Filter>
    </ClCompile>
    <ClCompile Include="vendor\ImGui\imgui.cpp">
      <Filter>vendor\ImGui</Filter>
    </ClCompile>
    <ClCompile Include="vendor\ImGui\imgui_demo.cpp">
      <Filter>vendor\ImGui</Filter>
    </ClCompile>
    <ClCompile Include="vendor\ImGui\imgui_draw.cpp">
      <Filter>vendor\ImGui</Filter>
    </ClCompile>
    <ClCompile Include="vendor\ImGui\imgui_tables.cpp">
      <Filter>vendor\ImGui</Filter>
    </ClCompile>
    <ClCompile Include="vendor\ImGui\imgui_widgets.cpp">
      <Filter>vendor\ImGui</Filter>
    </ClCompile>
    <ClCompile Include="vendor\ImGui\misc\cpp\imgui_stdlib.cpp">
      <Filter>vendor\ImGui\misc\cpp</Filter>
    </ClCompile>
    <ClCompile Include="vendor\ImGui\misc\fonts\binary_to_compressed_c.cpp">
      <Filter>vendor\ImGui\misc\fonts</Filter>
    </ClCompile>
    <ClCompile Include="vendor\ImGui\misc\freetype\imgui_freetype.cpp">
      <Filter>vendor\ImGui\misc\freetype</Filter>
    </ClCompile>
    <ClCompile Include="src\Titan\Rendering\SceneRenderer.cpp" />
  </ItemGroup>
</Project>